
Microsoft Visual Studio Solution File, Format Version 12.00
# Visual Studio Version 17
VisualStudioVersion = 17.9.34723.18
MinimumVisualStudioVersion = 10.0.40219.1
Project("{2150E333-8FDC-42A3-9474-1A3956D46DE8}") = "Enterprise Business Rules", "Enterprise Business Rules", "{169C67D9-489F-48F5-B17D-E23183F61228}"
EndProject
Project("{2150E333-8FDC-42A3-9474-1A3956D46DE8}") = "Application Business Rules", "Application Business Rules", "{563D8494-2E34-4DFB-B63D-6E6D49CE6331}"
EndProject
Project("{2150E333-8FDC-42A3-9474-1A3956D46DE8}") = "Interface Adapters", "Interface Adapters", "{9B5082D8-4C2B-4F12-B9E2-E75AB6C4DA3F}"
EndProject
Project("{2150E333-8FDC-42A3-9474-1A3956D46DE8}") = "Frameworks And Drivers", "Frameworks And Drivers", "{B5E38C22-38C5-4E51-996C-33CA33BC589D}"
EndProject
Project("{9A19103F-16F7-4668-BE54-9A1E7A4F7556}") = "NorthWind.Entities", "NorthWind.Entities\NorthWind.Entities.csproj", "{B5D8A0C5-8B22-4F93-97B9-672005033A54}"
EndProject
Project("{2150E333-8FDC-42A3-9474-1A3956D46DE8}") = "Gateways", "Gateways", "{C55A83B4-7D15-40C0-94ED-63AEE75125B2}"
EndProject
Project("{9A19103F-16F7-4668-BE54-9A1E7A4F7556}") = "NorthWind.Repositories.EFCore", "NorthWind.Repositories.EFCore\NorthWind.Repositories.EFCore.csproj", "{82482EDB-60C4-4235-B578-A5FC090C7F59}"
EndProject
Project("{9A19103F-16F7-4668-BE54-9A1E7A4F7556}") = "NorthWind.UseCasesDTOs", "NorthWind.UseCasesDTOs\NorthWind.UseCasesDTOs.csproj", "{50D292A3-2890-4830-9376-7C80D677B9C0}"
EndProject
Project("{9A19103F-16F7-4668-BE54-9A1E7A4F7556}") = "NorthWind.UseCases", "NorthWind.UseCases\NorthWind.UseCases.csproj", "{79355BFD-F722-49FA-8BD6-165C8F15DDC6}"
EndProject
Project("{9A19103F-16F7-4668-BE54-9A1E7A4F7556}") = "NorthWind.IoC", "NorthWind.IoC\NorthWind.IoC.csproj", "{AD0415CC-CDE3-425B-B34A-7BF64CA4C72C}"
EndProject
Project("{2150E333-8FDC-42A3-9474-1A3956D46DE8}") = "Presenters", "Presenters", "{042129D4-942C-4744-AB62-994796D9E640}"
EndProject
Project("{9A19103F-16F7-4668-BE54-9A1E7A4F7556}") = "NorthWind.Web.ExceptionsPresenter", "NorthWind.Web.ExceptionsPresenter\NorthWind.Web.ExceptionsPresenter.csproj", "{019C4000-AF20-4539-8683-C0DB06FA0ABB}"
EndProject
Project("{9A19103F-16F7-4668-BE54-9A1E7A4F7556}") = "NorthWind.WebApi", "NorthWind.WebApi\NorthWind.WebApi.csproj", "{A314CFDB-4BCB-4701-8A51-1B45AFBE4BF7}"
EndProject
Project("{9A19103F-16F7-4668-BE54-9A1E7A4F7556}") = "NorthWind.Presenters", "NorthWind.Presenters\NorthWind.Presenters.csproj", "{ED9C4224-83C8-4D17-91E4-1965B2E0FE38}"
EndProject
Project("{2150E333-8FDC-42A3-9474-1A3956D46DE8}") = "Controllers", "Controllers", "{8D501FEC-C97D-479F-A17B-F54C2614403F}"
EndProject
Project("{9A19103F-16F7-4668-BE54-9A1E7A4F7556}") = "NorthWind.Controllers", "NorthWind.Controllers\NorthWind.Controllers.csproj", "{F16F6C48-3D71-446A-95C2-229E2C3BAF98}"
EndProject
Project("{2150E333-8FDC-42A3-9474-1A3956D46DE8}") = "UI", "UI", "{DA0E3897-734C-4E12-BCA6-FEBFDFDB7790}"
EndProject
Project("{9A19103F-16F7-4668-BE54-9A1E7A4F7556}") = "NorthWind.WebApi2", "NorthWind.WebApi2\NorthWind.WebApi2.csproj", "{CB060DE1-0E57-44DE-9D10-97FF47C9D801}"
EndProject
Project("{FAE04EC0-301F-11D3-BF4B-00C04F79EFBC}") = "NorthWind.Use.CasesPorts", "NorthWind.Use.CasesPorts\NorthWind.Use.CasesPorts.csproj", "{978805A6-4896-4DCC-94B1-91790478A997}"
EndProject
Global
	GlobalSection(SolutionConfigurationPlatforms) = preSolution
		Debug|Any CPU = Debug|Any CPU
		Release|Any CPU = Release|Any CPU
	EndGlobalSection
	GlobalSection(ProjectConfigurationPlatforms) = postSolution
		{B5D8A0C5-8B22-4F93-97B9-672005033A54}.Debug|Any CPU.ActiveCfg = Debug|Any CPU
		{B5D8A0C5-8B22-4F93-97B9-672005033A54}.Debug|Any CPU.Build.0 = Debug|Any CPU
		{B5D8A0C5-8B22-4F93-97B9-672005033A54}.Release|Any CPU.ActiveCfg = Release|Any CPU
		{B5D8A0C5-8B22-4F93-97B9-672005033A54}.Release|Any CPU.Build.0 = Release|Any CPU
		{82482EDB-60C4-4235-B578-A5FC090C7F59}.Debug|Any CPU.ActiveCfg = Debug|Any CPU
		{82482EDB-60C4-4235-B578-A5FC090C7F59}.Debug|Any CPU.Build.0 = Debug|Any CPU
		{82482EDB-60C4-4235-B578-A5FC090C7F59}.Release|Any CPU.ActiveCfg = Release|Any CPU
		{82482EDB-60C4-4235-B578-A5FC090C7F59}.Release|Any CPU.Build.0 = Release|Any CPU
		{50D292A3-2890-4830-9376-7C80D677B9C0}.Debug|Any CPU.ActiveCfg = Debug|Any CPU
		{50D292A3-2890-4830-9376-7C80D677B9C0}.Debug|Any CPU.Build.0 = Debug|Any CPU
		{50D292A3-2890-4830-9376-7C80D677B9C0}.Release|Any CPU.ActiveCfg = Release|Any CPU
		{50D292A3-2890-4830-9376-7C80D677B9C0}.Release|Any CPU.Build.0 = Release|Any CPU
		{79355BFD-F722-49FA-8BD6-165C8F15DDC6}.Debug|Any CPU.ActiveCfg = Debug|Any CPU
		{79355BFD-F722-49FA-8BD6-165C8F15DDC6}.Debug|Any CPU.Build.0 = Debug|Any CPU
		{79355BFD-F722-49FA-8BD6-165C8F15DDC6}.Release|Any CPU.ActiveCfg = Release|Any CPU
		{79355BFD-F722-49FA-8BD6-165C8F15DDC6}.Release|Any CPU.Build.0 = Release|Any CPU
		{AD0415CC-CDE3-425B-B34A-7BF64CA4C72C}.Debug|Any CPU.ActiveCfg = Debug|Any CPU
		{AD0415CC-CDE3-425B-B34A-7BF64CA4C72C}.Debug|Any CPU.Build.0 = Debug|Any CPU
		{AD0415CC-CDE3-425B-B34A-7BF64CA4C72C}.Release|Any CPU.ActiveCfg = Release|Any CPU
		{AD0415CC-CDE3-425B-B34A-7BF64CA4C72C}.Release|Any CPU.Build.0 = Release|Any CPU
		{019C4000-AF20-4539-8683-C0DB06FA0ABB}.Debug|Any CPU.ActiveCfg = Debug|Any CPU
		{019C4000-AF20-4539-8683-C0DB06FA0ABB}.Debug|Any CPU.Build.0 = Debug|Any CPU
		{019C4000-AF20-4539-8683-C0DB06FA0ABB}.Release|Any CPU.ActiveCfg = Release|Any CPU
		{019C4000-AF20-4539-8683-C0DB06FA0ABB}.Release|Any CPU.Build.0 = Release|Any CPU
		{A314CFDB-4BCB-4701-8A51-1B45AFBE4BF7}.Debug|Any CPU.ActiveCfg = Debug|Any CPU
		{A314CFDB-4BCB-4701-8A51-1B45AFBE4BF7}.Debug|Any CPU.Build.0 = Debug|Any CPU
		{A314CFDB-4BCB-4701-8A51-1B45AFBE4BF7}.Release|Any CPU.ActiveCfg = Release|Any CPU
		{A314CFDB-4BCB-4701-8A51-1B45AFBE4BF7}.Release|Any CPU.Build.0 = Release|Any CPU
		{ED9C4224-83C8-4D17-91E4-1965B2E0FE38}.Debug|Any CPU.ActiveCfg = Debug|Any CPU
		{ED9C4224-83C8-4D17-91E4-1965B2E0FE38}.Debug|Any CPU.Build.0 = Debug|Any CPU
		{ED9C4224-83C8-4D17-91E4-1965B2E0FE38}.Release|Any CPU.ActiveCfg = Release|Any CPU
		{ED9C4224-83C8-4D17-91E4-1965B2E0FE38}.Release|Any CPU.Build.0 = Release|Any CPU
		{F16F6C48-3D71-446A-95C2-229E2C3BAF98}.Debug|Any CPU.ActiveCfg = Debug|Any CPU
		{F16F6C48-3D71-446A-95C2-229E2C3BAF98}.Debug|Any CPU.Build.0 = Debug|Any CPU
		{F16F6C48-3D71-446A-95C2-229E2C3BAF98}.Release|Any CPU.ActiveCfg = Release|Any CPU
		{F16F6C48-3D71-446A-95C2-229E2C3BAF98}.Release|Any CPU.Build.0 = Release|Any CPU
		{CB060DE1-0E57-44DE-9D10-97FF47C9D801}.Debug|Any CPU.ActiveCfg = Debug|Any CPU
		{CB060DE1-0E57-44DE-9D10-97FF47C9D801}.Debug|Any CPU.Build.0 = Debug|Any CPU
		{CB060DE1-0E57-44DE-9D10-97FF47C9D801}.Release|Any CPU.ActiveCfg = Release|Any CPU
		{CB060DE1-0E57-44DE-9D10-97FF47C9D801}.Release|Any CPU.Build.0 = Release|Any CPU
		{978805A6-4896-4DCC-94B1-91790478A997}.Debug|Any CPU.ActiveCfg = Debug|Any CPU
		{978805A6-4896-4DCC-94B1-91790478A997}.Debug|Any CPU.Build.0 = Debug|Any CPU
		{978805A6-4896-4DCC-94B1-91790478A997}.Release|Any CPU.ActiveCfg = Release|Any CPU
		{978805A6-4896-4DCC-94B1-91790478A997}.Release|Any CPU.Build.0 = Release|Any CPU
	EndGlobalSection
	GlobalSection(SolutionProperties) = preSolution
		HideSolutionNode = FALSE
	EndGlobalSection
	GlobalSection(NestedProjects) = preSolution
		{B5D8A0C5-8B22-4F93-97B9-672005033A54} = {169C67D9-489F-48F5-B17D-E23183F61228}
		{C55A83B4-7D15-40C0-94ED-63AEE75125B2} = {9B5082D8-4C2B-4F12-B9E2-E75AB6C4DA3F}
		{82482EDB-60C4-4235-B578-A5FC090C7F59} = {C55A83B4-7D15-40C0-94ED-63AEE75125B2}
		{50D292A3-2890-4830-9376-7C80D677B9C0} = {563D8494-2E34-4DFB-B63D-6E6D49CE6331}
		{79355BFD-F722-49FA-8BD6-165C8F15DDC6} = {563D8494-2E34-4DFB-B63D-6E6D49CE6331}
		{AD0415CC-CDE3-425B-B34A-7BF64CA4C72C} = {9B5082D8-4C2B-4F12-B9E2-E75AB6C4DA3F}
		{042129D4-942C-4744-AB62-994796D9E640} = {9B5082D8-4C2B-4F12-B9E2-E75AB6C4DA3F}
		{019C4000-AF20-4539-8683-C0DB06FA0ABB} = {042129D4-942C-4744-AB62-994796D9E640}
		{A314CFDB-4BCB-4701-8A51-1B45AFBE4BF7} = {C55A83B4-7D15-40C0-94ED-63AEE75125B2}
		{ED9C4224-83C8-4D17-91E4-1965B2E0FE38} = {042129D4-942C-4744-AB62-994796D9E640}
		{8D501FEC-C97D-479F-A17B-F54C2614403F} = {9B5082D8-4C2B-4F12-B9E2-E75AB6C4DA3F}
		{F16F6C48-3D71-446A-95C2-229E2C3BAF98} = {8D501FEC-C97D-479F-A17B-F54C2614403F}
		{DA0E3897-734C-4E12-BCA6-FEBFDFDB7790} = {B5E38C22-38C5-4E51-996C-33CA33BC589D}
		{CB060DE1-0E57-44DE-9D10-97FF47C9D801} = {DA0E3897-734C-4E12-BCA6-FEBFDFDB7790}
		{978805A6-4896-4DCC-94B1-91790478A997} = {563D8494-2E34-4DFB-B63D-6E6D49CE6331}
	EndGlobalSection
	GlobalSection(ExtensibilityGlobals) = postSolution
		SolutionGuid = {AC2DA8AD-1451-4408-B162-67F292F11557}
	EndGlobalSection
EndGlobal
